// !$*UTF8*$!
{
	archiveVersion = 1;
	classes = {
	};
	objectVersion = 77;
	objects = {

/* Begin PBXBuildFile section */
		81570A3230342D5900922E54 /* WWMicrophoneInput in Frameworks */ = {isa = PBXBuildFile; productRef = 81570A3130342D5900922E54 /* WWMicrophoneInput */; };
		81570A423034428700922E54 /* WWMicrophoneInput in Frameworks */ = {isa = PBXBuildFile; productRef = 81570A413034428700922E54 /* WWMicrophoneInput */; };
		81570A453034429000922E54 /* WWAudioStreamTranscription in Frameworks */ = {isa = PBXBuildFile; productRef = 81570A443034429000922E54 /* WWAudioStreamTranscription */; };
		81A2CA68303559990034D6C3 /* WWMicrophoneInput in Frameworks */ = {isa = PBXBuildFile; productRef = 81A2CA67303559990034D6C3 /* WWMicrophoneInput */; };
		81A2CA6E30355FB50034D6C3 /* WWMicrophoneInput in Frameworks */ = {isa = PBXBuildFile; productRef = 81A2CA6D30355FB50034D6C3 /* WWMicrophoneInput */; };
		81A2CA743035789A0034D6C3 /* WWMicrophoneInput in Frameworks */ = {isa = PBXBuildFile; productRef = 81A2CA733035789A0034D6C3 /* WWMicrophoneInput */; };
		81A2CA7A30357B230034D6C3 /* WWAudioStreamTranscription in Frameworks */ = {isa = PBXBuildFile; productRef = 81A2CA7930357B230034D6C3 /* WWAudioStreamTranscription */; };
		81A2CA7D30357C0C0034D6C3 /* WWAudioStreamTranscription in Frameworks */ = {isa = PBXBuildFile; productRef = 81A2CA7C30357C0C0034D6C3 /* WWAudioStreamTranscription */; };
		81C64A54303403DC00D2900E /* WWAudioStreamTranscription in Frameworks */ = {isa = PBXBuildFile; productRef = 81C64A53303403DC00D2900E /* WWAudioStreamTranscription */; };
		81DE586E30359EB300560442 /* WWMicrophoneInput in Frameworks */ = {isa = PBXBuildFile; productRef = 81DE586D30359EB300560442 /* WWMicrophoneInput */; };
		81DE58713035A17500560442 /* WWMicrophoneInput in Frameworks */ = {isa = PBXBuildFile; productRef = 81DE58703035A17500560442 /* WWMicrophoneInput */; };
/* End PBXBuildFile section */

/* Begin PBXFileReference section */
		8177C5772F91CB0F00ACEA3E /* LiveSTT.app */ = {isa = PBXFileReference; explicitFileType = wrapper.application; includeInIndex = 0; path = LiveSTT.app; sourceTree = BUILT_PRODUCTS_DIR; };
/* End PBXFileReference section */

/* Begin PBXFileSystemSynchronizedRootGroup section */
		8177C5792F91CB0F00ACEA3E /* LiveSTT */ = {
			isa = PBXFileSystemSynchronizedRootGroup;
			path = LiveSTT;
			sourceTree = "<group>";
		};
/* End PBXFileSystemSynchronizedRootGroup section */

/* Begin PBXFrameworksBuildPhase section */
		8177C5742F91CB0F00ACEA3E /* Frameworks */ = {
			isa = PBXFrameworksBuildPhase;
			buildActionMask = 2147483647;
			files = (
				81570A423034428700922E54 /* WWMicrophoneInput in Frameworks */,
				81C64A54303403DC00D2900E /* WWAudioStreamTranscription in Frameworks */,
				81A2CA7A30357B230034D6C3 /* WWAudioStreamTranscription in Frameworks */,
				81570A453034429000922E54 /* WWAudioStreamTranscription in Frameworks */,
				81DE58713035A17500560442 /* WWMicrophoneInput in Frameworks */,
				81A2CA7D30357C0C0034D6C3 /* WWAudioStreamTranscription in Frameworks */,
				81DE586E30359EB300560442 /* WWMicrophoneInput in Frameworks */,
				81A2CA743035789A0034D6C3 /* WWMicrophoneInput in Frameworks */,
				81A2CA68303559990034D6C3 /* WWMicrophoneInput in Frameworks */,
				81A2CA6E30355FB50034D6C3 /* WWMicrophoneInput in Frameworks */,
				81570A3230342D5900922E54 /* WWMicrophoneInput in Frameworks */,
			);
			runOnlyForDeploymentPostprocessing = 0;
		};
/* End PBXFrameworksBuildPhase section */

/* Begin PBXGroup section */
		8177C56E2F91CB0F00ACEA3E = {
			isa = PBXGroup;
			children = (
				8177C5792F91CB0F00ACEA3E /* LiveSTT */,
				8177C5782F91CB0F00ACEA3E /* Products */,
			);
			sourceTree = "<group>";
		};
		8177C5782F91CB0F00ACEA3E /* Products */ = {
			isa = PBXGroup;
			children = (
				8177C5772F91CB0F00ACEA3E /* LiveSTT.app */,
			);
			name = Products;
			sourceTree = "<group>";
		};
/* End PBXGroup section */

/* Begin PBXNativeTarget section */
		8177C5762F91CB0F00ACEA3E /* LiveSTT */ = {
			isa = PBXNativeTarget;
			buildConfigurationList = 8177C5822F91CB1100ACEA3E /* Build configuration list for PBXNativeTarget "LiveSTT" */;
			buildPhases = (
				8177C5732F91CB0F00ACEA3E /* Sources */,
				8177C5742F91CB0F00ACEA3E /* Frameworks */,
				8177C5752F91CB0F00ACEA3E /* Resources */,
			);
			buildRules = (
			);
			dependencies = (
			);
			fileSystemSynchronizedGroups = (
				8177C5792F91CB0F00ACEA3E /* LiveSTT */,
			);
			name = LiveSTT;
			packageProductDependencies = (
				81C64A53303403DC00D2900E /* WWAudioStreamTranscription */,
				81570A3130342D5900922E54 /* WWMicrophoneInput */,
				81570A413034428700922E54 /* WWMicrophoneInput */,
				81570A443034429000922E54 /* WWAudioStreamTranscription */,
				81A2CA67303559990034D6C3 /* WWMicrophoneInput */,
				81A2CA6D30355FB50034D6C3 /* WWMicrophoneInput */,
				81A2CA733035789A0034D6C3 /* WWMicrophoneInput */,
				81A2CA7930357B230034D6C3 /* WWAudioStreamTranscription */,
				81A2CA7C30357C0C0034D6C3 /* WWAudioStreamTranscription */,
				81DE586D30359EB300560442 /* WWMicrophoneInput */,
				81DE58703035A17500560442 /* WWMicrophoneInput */,
			);
			productName = Example;
			productReference = 8177C5772F91CB0F00ACEA3E /* LiveSTT.app */;
			productType = "com.apple.product-type.application";
		};
/* End PBXNativeTarget section */

/* Begin PBXProject section */
		8177C56F2F91CB0F00ACEA3E /* Project object */ = {
			isa = PBXProject;
			attributes = {
				BuildIndependentTargetsInParallel = 1;
				LastSwiftUpdateCheck = 1640;
				LastUpgradeCheck = 2630;
				TargetAttributes = {
					8177C5762F91CB0F00ACEA3E = {
						CreatedOnToolsVersion = 16.4;
					};
				};
			};
			buildConfigurationList = 8177C5722F91CB0F00ACEA3E /* Build configuration list for PBXProject "LiveSTT" */;
			developmentRegion = en;
			hasScannedForEncodings = 0;
			knownRegions = (
				en,
				Base,
			);
			mainGroup = 8177C56E2F91CB0F00ACEA3E;
			minimizedProjectReferenceProxies = 1;
			packageReferences = (
				81A2CA7B30357C0C0034D6C3 /* XCRemoteSwiftPackageReference "WWAudioStreamTranscription" */,
				81DE586F3035A17500560442 /* XCRemoteSwiftPackageReference "WWMicrophoneInput" */,
			);
			preferredProjectObjectVersion = 77;
			productRefGroup = 8177C5782F91CB0F00ACEA3E /* Products */;
			projectDirPath = "";
			projectRoot = "";
			targets = (
				8177C5762F91CB0F00ACEA3E /* LiveSTT */,
			);
		};
/* End PBXProject section */

/* Begin PBXResourcesBuildPhase section */
		8177C5752F91CB0F00ACEA3E /* Resources */ = {
			isa = PBXResourcesBuildPhase;
			buildActionMask = 2147483647;
			files = (
			);
			runOnlyForDeploymentPostprocessing = 0;
		};
/* End PBXResourcesBuildPhase section */

/* Begin PBXSourcesBuildPhase section */
		8177C5732F91CB0F00ACEA3E /* Sources */ = {
			isa = PBXSourcesBuildPhase;
			buildActionMask = 2147483647;
			files = (
			);
			runOnlyForDeploymentPostprocessing = 0;
		};
/* End PBXSourcesBuildPhase section */

/* Begin XCBuildConfiguration section */
		8177C5802F91CB1100ACEA3E /* Debug */ = {
			isa = XCBuildConfiguration;
			buildSettings = {
				ALWAYS_SEARCH_USER_PATHS = NO;
				ASSETCATALOG_COMPILER_GENERATE_SWIFT_ASSET_SYMBOL_EXTENSIONS = YES;
				CLANG_ANALYZER_NONNULL = YES;
				CLANG_ANALYZER_NUMBER_OBJECT_CONVERSION = YES_AGGRESSIVE;
				CLANG_CXX_LANGUAGE_STANDARD = "gnu++20";
				CLANG_ENABLE_MODULES = YES;
				CLANG_ENABLE_OBJC_ARC = YES;
				CLANG_ENABLE_OBJC_WEAK = YES;
				CLANG_WARN_BLOCK_CAPTURE_AUTORELEASING = YES;
				CLANG_WARN_BOOL_CONVERSION = YES;
				CLANG_WARN_COMMA = YES;
				CLANG_WARN_CONSTANT_CONVERSION = YES;
				CLANG_WARN_DEPRECATED_OBJC_IMPLEMENTATIONS = YES;
				CLANG_WARN_DIRECT_OBJC_ISA_USAGE = YES_ERROR;
				CLANG_WARN_DOCUMENTATION_COMMENTS = YES;
				CLANG_WARN_EMPTY_BODY = YES;
				CLANG_WARN_ENUM_CONVERSION = YES;
				CLANG_WARN_INFINITE_RECURSION = YES;
				CLANG_WARN_INT_CONVERSION = YES;
				CLANG_WARN_NON_LITERAL_NULL_CONVERSION = YES;
				CLANG_WARN_OBJC_IMPLICIT_RETAIN_SELF = YES;
				CLANG_WARN_OBJC_LITERAL_CONVERSION = YES;
				CLANG_WARN_OBJC_ROOT_CLASS = YES_ERROR;
				CLANG_WARN_QUOTED_INCLUDE_IN_FRAMEWORK_HEADER = YES;
				CLANG_WARN_RANGE_LOOP_ANALYSIS = YES;
				CLANG_WARN_STRICT_PROTOTYPES = YES;
				CLANG_WARN_SUSPICIOUS_MOVE = YES;
				CLANG_WARN_UNGUARDED_AVAILABILITY = YES_AGGRESSIVE;
				CLANG_WARN_UNREACHABLE_CODE = YES;
				CLANG_WARN__DUPLICATE_METHOD_MATCH = YES;
				COPY_PHASE_STRIP = NO;
				DEBUG_INFORMATION_FORMAT = dwarf;
				DEVELOPMENT_TEAM = 4Q5CYDAG3B;
				ENABLE_STRICT_OBJC_MSGSEND = YES;
				ENABLE_TESTABILITY = YES;
				ENABLE_USER_SCRIPT_SANDBOXING = YES;
				GCC_C_LANGUAGE_STANDARD = gnu17;
				GCC_DYNAMIC_NO_PIC = NO;
				GCC_NO_COMMON_BLOCKS = YES;
				GCC_OPTIMIZATION_LEVEL = 0;
				GCC_PREPROCESSOR_DEFINITIONS = (
					"DEBUG=1",
					"$(inherited)",
				);
				GCC_WARN_64_TO_32_BIT_CONVERSION = YES;
				GCC_WARN_ABOUT_RETURN_TYPE = YES_ERROR;
				GCC_WARN_UNDECLARED_SELECTOR = YES;
				GCC_WARN_UNINITIALIZED_AUTOS = YES_AGGRESSIVE;
				GCC_WARN_UNUSED_FUNCTION = YES;
				GCC_WARN_UNUSED_VARIABLE = YES;
				IPHONEOS_DEPLOYMENT_TARGET = 18.5;
				LOCALIZATION_PREFERS_STRING_CATALOGS = YES;
				MTL_ENABLE_DEBUG_INFO = INCLUDE_SOURCE;
				MTL_FAST_MATH = YES;
				ONLY_ACTIVE_ARCH = YES;
				SDKROOT = iphoneos;
				STRING_CATALOG_GENERATE_SYMBOLS = YES;
				SWIFT_ACTIVE_COMPILATION_CONDITIONS = "DEBUG $(inherited)";
				SWIFT_OPTIMIZATION_LEVEL = "-Onone";
			};
			name = Debug;
		};
		8177C5812F91CB1100ACEA3E /* Release */ = {
			isa = XCBuildConfiguration;
			buildSettings = {
				ALWAYS_SEARCH_USER_PATHS = NO;
				ASSETCATALOG_COMPILER_GENERATE_SWIFT_ASSET_SYMBOL_EXTENSIONS = YES;
				CLANG_ANALYZER_NONNULL = YES;
				CLANG_ANALYZER_NUMBER_OBJECT_CONVERSION = YES_AGGRESSIVE;
				CLANG_CXX_LANGUAGE_STANDARD = "gnu++20";
				CLANG_ENABLE_MODULES = YES;
				CLANG_ENABLE_OBJC_ARC = YES;
				CLANG_ENABLE_OBJC_WEAK = YES;
				CLANG_WARN_BLOCK_CAPTURE_AUTORELEASING = YES;
				CLANG_WARN_BOOL_CONVERSION = YES;
				CLANG_WARN_COMMA = YES;
				CLANG_WARN_CONSTANT_CONVERSION = YES;
				CLANG_WARN_DEPRECATED_OBJC_IMPLEMENTATIONS = YES;
				CLANG_WARN_DIRECT_OBJC_ISA_USAGE = YES_ERROR;
				CLANG_WARN_DOCUMENTATION_COMMENTS = YES;
				CLANG_WARN_EMPTY_BODY = YES;
				CLANG_WARN_ENUM_CONVERSION = YES;
				CLANG_WARN_INFINITE_RECURSION = YES;
				CLANG_WARN_INT_CONVERSION = YES;
				CLANG_WARN_NON_LITERAL_NULL_CONVERSION = YES;
				CLANG_WARN_OBJC_IMPLICIT_RETAIN_SELF = YES;
				CLANG_WARN_OBJC_LITERAL_CONVERSION = YES;
				CLANG_WARN_OBJC_ROOT_CLASS = YES_ERROR;
				CLANG_WARN_QUOTED_INCLUDE_IN_FRAMEWORK_HEADER = YES;
				CLANG_WARN_RANGE_LOOP_ANALYSIS = YES;
				CLANG_WARN_STRICT_PROTOTYPES = YES;
				CLANG_WARN_SUSPICIOUS_MOVE = YES;
				CLANG_WARN_UNGUARDED_AVAILABILITY = YES_AGGRESSIVE;
				CLANG_WARN_UNREACHABLE_CODE = YES;
				CLANG_WARN__DUPLICATE_METHOD_MATCH = YES;
				COPY_PHASE_STRIP = NO;
				DEBUG_INFORMATION_FORMAT = "dwarf-with-dsym";
				DEVELOPMENT_TEAM = 4Q5CYDAG3B;
				ENABLE_NS_ASSERTIONS = NO;
				ENABLE_STRICT_OBJC_MSGSEND = YES;
				ENABLE_USER_SCRIPT_SANDBOXING = YES;
				GCC_C_LANGUAGE_STANDARD = gnu17;
				GCC_NO_COMMON_BLOCKS = YES;
				GCC_WARN_64_TO_32_BIT_CONVERSION = YES;
				GCC_WARN_ABOUT_RETURN_TYPE = YES_ERROR;
				GCC_WARN_UNDECLARED_SELECTOR = YES;
				GCC_WARN_UNINITIALIZED_AUTOS = YES_AGGRESSIVE;
				GCC_WARN_UNUSED_FUNCTION = YES;
				GCC_WARN_UNUSED_VARIABLE = YES;
				IPHONEOS_DEPLOYMENT_TARGET = 18.5;
				LOCALIZATION_PREFERS_STRING_CATALOGS = YES;
				MTL_ENABLE_DEBUG_INFO = NO;
				MTL_FAST_MATH = YES;
				SDKROOT = iphoneos;
				STRING_CATALOG_GENERATE_SYMBOLS = YES;
				SWIFT_COMPILATION_MODE = wholemodule;
				VALIDATE_PRODUCT = YES;
			};
			name = Release;
		};
		8177C5832F91CB1100ACEA3E /* Debug */ = {
			isa = XCBuildConfiguration;
			buildSettings = {
				ASSETCATALOG_COMPILER_APPICON_NAME = AppIcon;
				ASSETCATALOG_COMPILER_GLOBAL_ACCENT_COLOR_NAME = AccentColor;
				CODE_SIGN_STYLE = Automatic;
				CURRENT_PROJECT_VERSION = 20260902;
				DEVELOPMENT_TEAM = 4Q5CYDAG3B;
				ENABLE_PREVIEWS = YES;
				GENERATE_INFOPLIST_FILE = YES;
				INFOPLIST_KEY_CFBundleDisplayName = LiveSTT;
				INFOPLIST_KEY_NSMicrophoneUsageDescription = "需要使用麥克風進行語音辨識";
				INFOPLIST_KEY_NSSpeechRecognitionUsageDescription = "需要使用語音辨識將聲音轉換為文字";
				INFOPLIST_KEY_UIApplicationSceneManifest_Generation = YES;
				INFOPLIST_KEY_UIApplicationSupportsIndirectInputEvents = YES;
				INFOPLIST_KEY_UILaunchScreen_Generation = YES;
				INFOPLIST_KEY_UISupportedInterfaceOrientations = UIInterfaceOrientationPortrait;
				INFOPLIST_KEY_UISupportedInterfaceOrientations_iPad = "UIInterfaceOrientationLandscapeLeft UIInterfaceOrientationLandscapeRight UIInterfaceOrientationPortrait UIInterfaceOrientationPortraitUpsideDown";
				IPHONEOS_DEPLOYMENT_TARGET = 18.5;
				LD_RUNPATH_SEARCH_PATHS = (
					"$(inherited)",
					"@executable_path/Frameworks",
				);
				MARKETING_VERSION = 0.7.2;
				PRODUCT_BUNDLE_IDENTIFIER = "idv.william.live-stt";
				PRODUCT_NAME = "$(TARGET_NAME)";
				SUPPORTED_PLATFORMS = "iphoneos iphonesimulator";
				SUPPORTS_MACCATALYST = NO;
				SUPPORTS_MAC_DESIGNED_FOR_IPHONE_IPAD = NO;
				SUPPORTS_XR_DESIGNED_FOR_IPHONE_IPAD = NO;
				SWIFT_EMIT_LOC_STRINGS = YES;
				SWIFT_VERSION = 5.0;
				TARGETED_DEVICE_FAMILY = 1;
			};
			name = Debug;
		};
		8177C5842F91CB1100ACEA3E /* Release */ = {
			isa = XCBuildConfiguration;
			buildSettings = {
				ASSETCATALOG_COMPILER_APPICON_NAME = AppIcon;
				ASSETCATALOG_COMPILER_GLOBAL_ACCENT_COLOR_NAME = AccentColor;
				CODE_SIGN_STYLE = Automatic;
				CURRENT_PROJECT_VERSION = 20260902;
				DEVELOPMENT_TEAM = 4Q5CYDAG3B;
				ENABLE_PREVIEWS = YES;
				GENERATE_INFOPLIST_FILE = YES;
				INFOPLIST_KEY_CFBundleDisplayName = LiveSTT;
				INFOPLIST_KEY_NSMicrophoneUsageDescription = "需要使用麥克風進行語音辨識";
				INFOPLIST_KEY_NSSpeechRecognitionUsageDescription = "需要使用語音辨識將聲音轉換為文字";
				INFOPLIST_KEY_UIApplicationSceneManifest_Generation = YES;
				INFOPLIST_KEY_UIApplicationSupportsIndirectInputEvents = YES;
				INFOPLIST_KEY_UILaunchScreen_Generation = YES;
				INFOPLIST_KEY_UISupportedInterfaceOrientations = UIInterfaceOrientationPortrait;
				INFOPLIST_KEY_UISupportedInterfaceOrientations_iPad = "UIInterfaceOrientationLandscapeLeft UIInterfaceOrientationLandscapeRight UIInterfaceOrientationPortrait UIInterfaceOrientationPortraitUpsideDown";
				IPHONEOS_DEPLOYMENT_TARGET = 18.5;
				LD_RUNPATH_SEARCH_PATHS = (
					"$(inherited)",
					"@executable_path/Frameworks",
				);
				MARKETING_VERSION = 0.7.2;
				PRODUCT_BUNDLE_IDENTIFIER = "idv.william.live-stt";
				PRODUCT_NAME = "$(TARGET_NAME)";
				SUPPORTED_PLATFORMS = "iphoneos iphonesimulator";
				SUPPORTS_MACCATALYST = NO;
				SUPPORTS_MAC_DESIGNED_FOR_IPHONE_IPAD = NO;
				SUPPORTS_XR_DESIGNED_FOR_IPHONE_IPAD = NO;
				SWIFT_EMIT_LOC_STRINGS = YES;
				SWIFT_VERSION = 5.0;
				TARGETED_DEVICE_FAMILY = 1;
			};
			name = Release;
		};
/* End XCBuildConfiguration section */

/* Begin XCConfigurationList section */
		8177C5722F91CB0F00ACEA3E /* Build configuration list for PBXProject "LiveSTT" */ = {
			isa = XCConfigurationList;
			buildConfigurations = (
				8177C5802F91CB1100ACEA3E /* Debug */,
				8177C5812F91CB1100ACEA3E /* Release */,
			);
			defaultConfigurationIsVisible = 0;
			defaultConfigurationName = Release;
		};
		8177C5822F91CB1100ACEA3E /* Build configuration list for PBXNativeTarget "LiveSTT" */ = {
			isa = XCConfigurationList;
			buildConfigurations = (
				8177C5832F91CB1100ACEA3E /* Debug */,
				8177C5842F91CB1100ACEA3E /* Release */,
			);
			defaultConfigurationIsVisible = 0;
			defaultConfigurationName = Release;
		};
/* End XCConfigurationList section */

/* Begin XCRemoteSwiftPackageReference section */
		81A2CA7B30357C0C0034D6C3 /* XCRemoteSwiftPackageReference "WWAudioStreamTranscription" */ = {
			isa = XCRemoteSwiftPackageReference;
			repositoryURL = "https://github.com/William-Weng/WWAudioStreamTranscription";
			requirement = {
				kind = upToNextMinorVersion;
				minimumVersion = 0.5.2;
			};
		};
		81DE586F3035A17500560442 /* XCRemoteSwiftPackageReference "WWMicrophoneInput" */ = {
			isa = XCRemoteSwiftPackageReference;
			repositoryURL = "https://github.com/William-Weng/WWMicrophoneInput";
			requirement = {
				kind = upToNextMinorVersion;
				minimumVersion = 0.6.0;
			};
		};
/* End XCRemoteSwiftPackageReference section */

/* Begin XCSwiftPackageProductDependency section */
		81570A3130342D5900922E54 /* WWMicrophoneInput */ = {
			isa = XCSwiftPackageProductDependency;
			productName = WWMicrophoneInput;
		};
		81570A413034428700922E54 /* WWMicrophoneInput */ = {
			isa = XCSwiftPackageProductDependency;
			productName = WWMicrophoneInput;
		};
		81570A443034429000922E54 /* WWAudioStreamTranscription */ = {
			isa = XCSwiftPackageProductDependency;
			productName = WWAudioStreamTranscription;
		};
		81A2CA67303559990034D6C3 /* WWMicrophoneInput */ = {
			isa = XCSwiftPackageProductDependency;
			productName = WWMicrophoneInput;
		};
		81A2CA6D30355FB50034D6C3 /* WWMicrophoneInput */ = {
			isa = XCSwiftPackageProductDependency;
			productName = WWMicrophoneInput;
		};
		81A2CA733035789A0034D6C3 /* WWMicrophoneInput */ = {
			isa = XCSwiftPackageProductDependency;
			productName = WWMicrophoneInput;
		};
		81A2CA7930357B230034D6C3 /* WWAudioStreamTranscription */ = {
			isa = XCSwiftPackageProductDependency;
			productName = WWAudioStreamTranscription;
		};
		81A2CA7C30357C0C0034D6C3 /* WWAudioStreamTranscription */ = {
			isa = XCSwiftPackageProductDependency;
			package = 81A2CA7B30357C0C0034D6C3 /* XCRemoteSwiftPackageReference "WWAudioStreamTranscription" */;
			productName = WWAudioStreamTranscription;
		};
		81C64A53303403DC00D2900E /* WWAudioStreamTranscription */ = {
			isa = XCSwiftPackageProductDependency;
			productName = WWAudioStreamTranscription;
		};
		81DE586D30359EB300560442 /* WWMicrophoneInput */ = {
			isa = XCSwiftPackageProductDependency;
			productName = WWMicrophoneInput;
		};
		81DE58703035A17500560442 /* WWMicrophoneInput */ = {
			isa = XCSwiftPackageProductDependency;
			package = 81DE586F3035A17500560442 /* XCRemoteSwiftPackageReference "WWMicrophoneInput" */;
			productName = WWMicrophoneInput;
		};
/* End XCSwiftPackageProductDependency section */
	};
	rootObject = 8177C56F2F91CB0F00ACEA3E /* Project object */;
}
