{
  "originHash" : "5edd5147000498d3bd62c9ba112508123e5a865ea6775e622420b3b17793fd48",
  "pins" : [
    {
      "identity" : "wwaudiostreamtranscription",
      "kind" : "remoteSourceControl",
      "location" : "https://github.com/William-Weng/WWAudioStreamTranscription",
      "state" : {
        "revision" : "743ade8631cedbde468e899c562665d74641a166",
        "version" : "0.5.2"
      }
    },
    {
      "identity" : "wwmicrophoneinput",
      "kind" : "remoteSourceControl",
      "location" : "https://github.com/William-Weng/WWMicrophoneInput",
      "state" : {
        "revision" : "192b5bbea6f69f90d0d79cb83d0de43e848fe352",
        "version" : "0.6.0"
      }
    }
  ],
  "version" : 3
}
